
Microsoft Visual Studio Solution File, Format Version 12.00
# Visual Studio 2012
Project("{FAE04EC0-301F-11D3-BF4B-00C04F79EFBC}") = "SolutionObjectModel", "SolutionObjectModel\SolutionObjectModel.csproj", "{36F84351-F022-456C-BD4E-0218A930572F}"
EndProject
Project("{FAE04EC0-301F-11D3-BF4B-00C04F79EFBC}") = "ConsoleApplication1", "ConsoleApplication1\ConsoleApplication1.csproj", "{7808F336-9856-4732-85EA-7352C99674E9}"
EndProject
Global
	GlobalSection(SolutionConfigurationPlatforms) = preSolution
		Debug|Any CPU = Debug|Any CPU
		Release|Any CPU = Release|Any CPU
	EndGlobalSection
	GlobalSection(ProjectConfigurationPlatforms) = postSolution
		{36F84351-F022-456C-BD4E-0218A930572F}.Debug|Any CPU.ActiveCfg = Debug|Any CPU
		{36F84351-F022-456C-BD4E-0218A930572F}.Debug|Any CPU.Build.0 = Debug|Any CPU
		{36F84351-F022-456C-BD4E-0218A930572F}.Release|Any CPU.ActiveCfg = Release|Any CPU
		{36F84351-F022-456C-BD4E-0218A930572F}.Release|Any CPU.Build.0 = Release|Any CPU
		{7808F336-9856-4732-85EA-7352C99674E9}.Debug|Any CPU.ActiveCfg = Debug|Any CPU
		{7808F336-9856-4732-85EA-7352C99674E9}.Debug|Any CPU.Build.0 = Debug|Any CPU
		{7808F336-9856-4732-85EA-7352C99674E9}.Release|Any CPU.ActiveCfg = Release|Any CPU
		{7808F336-9856-4732-85EA-7352C99674E9}.Release|Any CPU.Build.0 = Release|Any CPU
	EndGlobalSection
	GlobalSection(SolutionProperties) = preSolution
		HideSolutionNode = FALSE
	EndGlobalSection
EndGlobal
